
Microsoft Visual Studio Solution File, Format Version 12.00
# Visual Studio 15
VisualStudioVersion = 15.0.26730.8
MinimumVisualStudioVersion = 10.0.40219.1
Project("{FAE04EC0-301F-11D3-BF4B-00C04F79EFBC}") = "InMemoryDB", "InMemoryDB\InMemoryDB.csproj", "{3749D8C7-874D-4E98-9D46-004DEEEDBD3D}"
EndProject
Global
	GlobalSection(SolutionConfigurationPlatforms) = preSolution
		Debug|Any CPU = Debug|Any CPU
		Release|Any CPU = Release|Any CPU
	EndGlobalSection
	GlobalSection(ProjectConfigurationPlatforms) = postSolution
		{3749D8C7-874D-4E98-9D46-004DEEEDBD3D}.Debug|Any CPU.ActiveCfg = Debug|Any CPU
		{3749D8C7-874D-4E98-9D46-004DEEEDBD3D}.Debug|Any CPU.Build.0 = Debug|Any CPU
		{3749D8C7-874D-4E98-9D46-004DEEEDBD3D}.Release|Any CPU.ActiveCfg = Release|Any CPU
		{3749D8C7-874D-4E98-9D46-004DEEEDBD3D}.Release|Any CPU.Build.0 = Release|Any CPU
	EndGlobalSection
	GlobalSection(SolutionProperties) = preSolution
		HideSolutionNode = FALSE
	EndGlobalSection
	GlobalSection(ExtensibilityGlobals) = postSolution
		SolutionGuid = {ECE44F8C-9CE3-4130-A5CF-26571D49A203}
	EndGlobalSection
EndGlobal
